
Microsoft Visual Studio Solution File, Format Version 12.00
# Visual Studio 2013
VisualStudioVersion = 12.0.40629.0
MinimumVisualStudioVersion = 10.0.40219.1
Project("{8BC9CEB8-8B4A-11D0-8D11-00A0C91BC942}") = "gxgapidx11", "dx11\gxgapidx11.vcxproj", "{DAFA20F5-5162-4F21-99AF-DB8084D3C557}"
EndProject
Project("{8BC9CEB8-8B4A-11D0-8D11-00A0C91BC942}") = "gxgapidx9", "dx9\gxgapidx9.vcxproj", "{15AD3AF2-47B1-4836-9777-F1249EB299A7}"
EndProject
Project("{8BC9CEB8-8B4A-11D0-8D11-00A0C91BC942}") = "gxgapiogl", "ogl\gxgapiogl.vcxproj", "{9117FCDB-957B-4FF8-8AD4-90965159B721}"
EndProject
Global
	GlobalSection(SolutionConfigurationPlatforms) = preSolution
		Debug|Win32 = Debug|Win32
		Debug|x64 = Debug|x64
		Release|Win32 = Release|Win32
		Release|x64 = Release|x64
	EndGlobalSection
	GlobalSection(ProjectConfigurationPlatforms) = postSolution
		{DAFA20F5-5162-4F21-99AF-DB8084D3C557}.Debug|Win32.ActiveCfg = Debug|Win32
		{DAFA20F5-5162-4F21-99AF-DB8084D3C557}.Debug|Win32.Build.0 = Debug|Win32
		{DAFA20F5-5162-4F21-99AF-DB8084D3C557}.Debug|x64.ActiveCfg = Debug|x64
		{DAFA20F5-5162-4F21-99AF-DB8084D3C557}.Debug|x64.Build.0 = Debug|x64
		{DAFA20F5-5162-4F21-99AF-DB8084D3C557}.Release|Win32.ActiveCfg = Release|Win32
		{DAFA20F5-5162-4F21-99AF-DB8084D3C557}.Release|Win32.Build.0 = Release|Win32
		{DAFA20F5-5162-4F21-99AF-DB8084D3C557}.Release|x64.ActiveCfg = Release|x64
		{DAFA20F5-5162-4F21-99AF-DB8084D3C557}.Release|x64.Build.0 = Release|x64
		{15AD3AF2-47B1-4836-9777-F1249EB299A7}.Debug|Win32.ActiveCfg = Debug|Win32
		{15AD3AF2-47B1-4836-9777-F1249EB299A7}.Debug|x64.ActiveCfg = Debug|Win32
		{15AD3AF2-47B1-4836-9777-F1249EB299A7}.Release|Win32.ActiveCfg = Release|Win32
		{15AD3AF2-47B1-4836-9777-F1249EB299A7}.Release|x64.ActiveCfg = Release|Win32
		{9117FCDB-957B-4FF8-8AD4-90965159B721}.Debug|Win32.ActiveCfg = Debug|Win32
		{9117FCDB-957B-4FF8-8AD4-90965159B721}.Debug|x64.ActiveCfg = Debug|Win32
		{9117FCDB-957B-4FF8-8AD4-90965159B721}.Release|Win32.ActiveCfg = Release|Win32
		{9117FCDB-957B-4FF8-8AD4-90965159B721}.Release|x64.ActiveCfg = Release|Win32
	EndGlobalSection
	GlobalSection(SolutionProperties) = preSolution
		HideSolutionNode = FALSE
	EndGlobalSection
EndGlobal
